
Microsoft Visual Studio Solution File, Format Version 12.00
# Visual Studio Version 16
VisualStudioVersion = 16.0.30611.23
MinimumVisualStudioVersion = 10.0.40219.1
Project("{FAE04EC0-301F-11D3-BF4B-00C04F79EFBC}") = "zad.3.10", "zad.3.10\zad.3.10.csproj", "{1996522C-A904-43B4-91E4-A9725249A405}"
EndProject
Global
	GlobalSection(SolutionConfigurationPlatforms) = preSolution
		Debug|Any CPU = Debug|Any CPU
		Release|Any CPU = Release|Any CPU
	EndGlobalSection
	GlobalSection(ProjectConfigurationPlatforms) = postSolution
		{1996522C-A904-43B4-91E4-A9725249A405}.Debug|Any CPU.ActiveCfg = Debug|Any CPU
		{1996522C-A904-43B4-91E4-A9725249A405}.Debug|Any CPU.Build.0 = Debug|Any CPU
		{1996522C-A904-43B4-91E4-A9725249A405}.Release|Any CPU.ActiveCfg = Release|Any CPU
		{1996522C-A904-43B4-91E4-A9725249A405}.Release|Any CPU.Build.0 = Release|Any CPU
	EndGlobalSection
	GlobalSection(SolutionProperties) = preSolution
		HideSolutionNode = FALSE
	EndGlobalSection
	GlobalSection(ExtensibilityGlobals) = postSolution
		SolutionGuid = {E8D23642-68A6-430D-A4D5-C02F748BBB4B}
	EndGlobalSection
EndGlobal
