
Microsoft Visual Studio Solution File, Format Version 12.00
# Visual Studio Version 16
VisualStudioVersion = 16.0.30717.126
MinimumVisualStudioVersion = 10.0.40219.1
Project("{FAE04EC0-301F-11D3-BF4B-00C04F79EFBC}") = "zad.5.07", "zad.5.07\zad.5.07.csproj", "{10120CBA-1CCD-4C82-B326-7DE6D52FC85D}"
EndProject
Global
	GlobalSection(SolutionConfigurationPlatforms) = preSolution
		Debug|Any CPU = Debug|Any CPU
		Release|Any CPU = Release|Any CPU
	EndGlobalSection
	GlobalSection(ProjectConfigurationPlatforms) = postSolution
		{10120CBA-1CCD-4C82-B326-7DE6D52FC85D}.Debug|Any CPU.ActiveCfg = Debug|Any CPU
		{10120CBA-1CCD-4C82-B326-7DE6D52FC85D}.Debug|Any CPU.Build.0 = Debug|Any CPU
		{10120CBA-1CCD-4C82-B326-7DE6D52FC85D}.Release|Any CPU.ActiveCfg = Release|Any CPU
		{10120CBA-1CCD-4C82-B326-7DE6D52FC85D}.Release|Any CPU.Build.0 = Release|Any CPU
	EndGlobalSection
	GlobalSection(SolutionProperties) = preSolution
		HideSolutionNode = FALSE
	EndGlobalSection
	GlobalSection(ExtensibilityGlobals) = postSolution
		SolutionGuid = {55493586-7B3B-4832-A9E2-3A068E7E6187}
	EndGlobalSection
EndGlobal
