
Microsoft Visual Studio Solution File, Format Version 12.00
# Visual Studio Version 16
VisualStudioVersion = 16.0.30611.23
MinimumVisualStudioVersion = 10.0.40219.1
Project("{FAE04EC0-301F-11D3-BF4B-00C04F79EFBC}") = "zad.5.03", "zad.5.03\zad.5.03.csproj", "{1DBC4105-2704-43C6-AAFB-A40A489A59EA}"
EndProject
Global
	GlobalSection(SolutionConfigurationPlatforms) = preSolution
		Debug|Any CPU = Debug|Any CPU
		Release|Any CPU = Release|Any CPU
	EndGlobalSection
	GlobalSection(ProjectConfigurationPlatforms) = postSolution
		{1DBC4105-2704-43C6-AAFB-A40A489A59EA}.Debug|Any CPU.ActiveCfg = Debug|Any CPU
		{1DBC4105-2704-43C6-AAFB-A40A489A59EA}.Debug|Any CPU.Build.0 = Debug|Any CPU
		{1DBC4105-2704-43C6-AAFB-A40A489A59EA}.Release|Any CPU.ActiveCfg = Release|Any CPU
		{1DBC4105-2704-43C6-AAFB-A40A489A59EA}.Release|Any CPU.Build.0 = Release|Any CPU
	EndGlobalSection
	GlobalSection(SolutionProperties) = preSolution
		HideSolutionNode = FALSE
	EndGlobalSection
	GlobalSection(ExtensibilityGlobals) = postSolution
		SolutionGuid = {36E7E123-A61E-407D-BE3F-CB55CD6713DF}
	EndGlobalSection
EndGlobal
