
Microsoft Visual Studio Solution File, Format Version 12.00
# Visual Studio Version 16
VisualStudioVersion = 16.0.30611.23
MinimumVisualStudioVersion = 10.0.40219.1
Project("{FAE04EC0-301F-11D3-BF4B-00C04F79EFBC}") = "zad.3.14", "zad.3.14\zad.3.14.csproj", "{D6F114AF-A258-48B3-A0B2-1985FCA01521}"
EndProject
Global
	GlobalSection(SolutionConfigurationPlatforms) = preSolution
		Debug|Any CPU = Debug|Any CPU
		Release|Any CPU = Release|Any CPU
	EndGlobalSection
	GlobalSection(ProjectConfigurationPlatforms) = postSolution
		{D6F114AF-A258-48B3-A0B2-1985FCA01521}.Debug|Any CPU.ActiveCfg = Debug|Any CPU
		{D6F114AF-A258-48B3-A0B2-1985FCA01521}.Debug|Any CPU.Build.0 = Debug|Any CPU
		{D6F114AF-A258-48B3-A0B2-1985FCA01521}.Release|Any CPU.ActiveCfg = Release|Any CPU
		{D6F114AF-A258-48B3-A0B2-1985FCA01521}.Release|Any CPU.Build.0 = Release|Any CPU
	EndGlobalSection
	GlobalSection(SolutionProperties) = preSolution
		HideSolutionNode = FALSE
	EndGlobalSection
	GlobalSection(ExtensibilityGlobals) = postSolution
		SolutionGuid = {097BE3E6-5142-4867-9644-311A754BE85E}
	EndGlobalSection
EndGlobal
