
Microsoft Visual Studio Solution File, Format Version 12.00
# Visual Studio Version 16
VisualStudioVersion = 16.0.30611.23
MinimumVisualStudioVersion = 10.0.40219.1
Project("{FAE04EC0-301F-11D3-BF4B-00C04F79EFBC}") = "zad.4.05", "zad.4.05\zad.4.05.csproj", "{0EADC76A-314A-40FE-9A2F-3E6E5C93F634}"
EndProject
Global
	GlobalSection(SolutionConfigurationPlatforms) = preSolution
		Debug|Any CPU = Debug|Any CPU
		Release|Any CPU = Release|Any CPU
	EndGlobalSection
	GlobalSection(ProjectConfigurationPlatforms) = postSolution
		{0EADC76A-314A-40FE-9A2F-3E6E5C93F634}.Debug|Any CPU.ActiveCfg = Debug|Any CPU
		{0EADC76A-314A-40FE-9A2F-3E6E5C93F634}.Debug|Any CPU.Build.0 = Debug|Any CPU
		{0EADC76A-314A-40FE-9A2F-3E6E5C93F634}.Release|Any CPU.ActiveCfg = Release|Any CPU
		{0EADC76A-314A-40FE-9A2F-3E6E5C93F634}.Release|Any CPU.Build.0 = Release|Any CPU
	EndGlobalSection
	GlobalSection(SolutionProperties) = preSolution
		HideSolutionNode = FALSE
	EndGlobalSection
	GlobalSection(ExtensibilityGlobals) = postSolution
		SolutionGuid = {B63C5781-25B9-4767-AD49-DC3BDECEA8E1}
	EndGlobalSection
EndGlobal
