
Microsoft Visual Studio Solution File, Format Version 12.00
# Visual Studio Version 16
VisualStudioVersion = 16.0.30611.23
MinimumVisualStudioVersion = 10.0.40219.1
Project("{FAE04EC0-301F-11D3-BF4B-00C04F79EFBC}") = "zad.4.03", "zad.4.03\zad.4.03.csproj", "{9022957D-DDC7-43B0-AE0E-35B13B0298F2}"
EndProject
Global
	GlobalSection(SolutionConfigurationPlatforms) = preSolution
		Debug|Any CPU = Debug|Any CPU
		Release|Any CPU = Release|Any CPU
	EndGlobalSection
	GlobalSection(ProjectConfigurationPlatforms) = postSolution
		{9022957D-DDC7-43B0-AE0E-35B13B0298F2}.Debug|Any CPU.ActiveCfg = Debug|Any CPU
		{9022957D-DDC7-43B0-AE0E-35B13B0298F2}.Debug|Any CPU.Build.0 = Debug|Any CPU
		{9022957D-DDC7-43B0-AE0E-35B13B0298F2}.Release|Any CPU.ActiveCfg = Release|Any CPU
		{9022957D-DDC7-43B0-AE0E-35B13B0298F2}.Release|Any CPU.Build.0 = Release|Any CPU
	EndGlobalSection
	GlobalSection(SolutionProperties) = preSolution
		HideSolutionNode = FALSE
	EndGlobalSection
	GlobalSection(ExtensibilityGlobals) = postSolution
		SolutionGuid = {4E959E82-FF11-4160-81F6-AFFA9E75C336}
	EndGlobalSection
EndGlobal
