
Microsoft Visual Studio Solution File, Format Version 12.00
# Visual Studio Version 16
VisualStudioVersion = 16.0.30717.126
MinimumVisualStudioVersion = 10.0.40219.1
Project("{FAE04EC0-301F-11D3-BF4B-00C04F79EFBC}") = "zad.5.10", "zad.5.10\zad.5.10.csproj", "{94EE7CE0-FF83-4154-ABC6-10766162B4FB}"
EndProject
Global
	GlobalSection(SolutionConfigurationPlatforms) = preSolution
		Debug|Any CPU = Debug|Any CPU
		Release|Any CPU = Release|Any CPU
	EndGlobalSection
	GlobalSection(ProjectConfigurationPlatforms) = postSolution
		{94EE7CE0-FF83-4154-ABC6-10766162B4FB}.Debug|Any CPU.ActiveCfg = Debug|Any CPU
		{94EE7CE0-FF83-4154-ABC6-10766162B4FB}.Debug|Any CPU.Build.0 = Debug|Any CPU
		{94EE7CE0-FF83-4154-ABC6-10766162B4FB}.Release|Any CPU.ActiveCfg = Release|Any CPU
		{94EE7CE0-FF83-4154-ABC6-10766162B4FB}.Release|Any CPU.Build.0 = Release|Any CPU
	EndGlobalSection
	GlobalSection(SolutionProperties) = preSolution
		HideSolutionNode = FALSE
	EndGlobalSection
	GlobalSection(ExtensibilityGlobals) = postSolution
		SolutionGuid = {A249564E-30B6-4003-8AFC-52458302C215}
	EndGlobalSection
EndGlobal
